
Microsoft Visual Studio Solution File, Format Version 12.00
# Visual Studio Version 16
VisualStudioVersion = 16.0.31613.86
MinimumVisualStudioVersion = 10.0.40219.1
Project("{2150E333-8FDC-42A3-9474-1A3956D46DE8}") = "1.UI", "1.UI", "{9D4640AD-0D02-422A-94F9-703609F2AB60}"
EndProject
Project("{2150E333-8FDC-42A3-9474-1A3956D46DE8}") = "2.Domain", "2.Domain", "{BCF65C2C-0B01-4B0D-802C-DCE32AA4E50D}"
EndProject
Project("{2150E333-8FDC-42A3-9474-1A3956D46DE8}") = "3.Repository", "3.Repository", "{C37138D2-A175-4F2A-BCF4-869DF4AC7659}"
EndProject
Project("{2150E333-8FDC-42A3-9474-1A3956D46DE8}") = "4.Data", "4.Data", "{B70059EC-1C70-4BFB-8423-B78F5D40E1AE}"
EndProject
Project("{9A19103F-16F7-4668-BE54-9A1E7A4F7556}") = "lemosinfotec.matrixerp.Domain", "lemosinfotec.matrixerp.Domain\lemosinfotec.matrixerp.Domain.csproj", "{292792D2-9AD6-45DD-A789-4D4381B5C370}"
EndProject
Project("{9A19103F-16F7-4668-BE54-9A1E7A4F7556}") = "lemosinfotec.matrixErp.UI", "lemosinfotec.matrixErp.UI\lemosinfotec.matrixErp.UI.csproj", "{DF982D9E-786B-417E-A22B-628C905B0B16}"
EndProject
Project("{9A19103F-16F7-4668-BE54-9A1E7A4F7556}") = "lemosinfotec.matrixErp.Repository", "lemosinfotec.matrixErp.Repository\lemosinfotec.matrixErp.Repository.csproj", "{C68D9ED5-A9F6-469C-A0DD-57C0517AC985}"
EndProject
Project("{9A19103F-16F7-4668-BE54-9A1E7A4F7556}") = "lemosinfotec.matrixErp.Data", "lemosinfotec.matrixErp.Data\lemosinfotec.matrixErp.Data.csproj", "{6F677177-DE21-45D8-AF40-86E48DD8C723}"
EndProject
Project("{2150E333-8FDC-42A3-9474-1A3956D46DE8}") = "5.WebApplication", "5.WebApplication", "{7DE7488A-9386-4AF7-A93F-E67E8D31EB3B}"
EndProject
Project("{FAE04EC0-301F-11D3-BF4B-00C04F79EFBC}") = "lemosinfotec.matrixErp.manager.WebApplication", "lemosinfotec.matrixErp.manager.WebApplication\lemosinfotec.matrixErp.manager.WebApplication.csproj", "{A0B8FA4C-89A9-49A8-9428-A0564F463C5A}"
EndProject
Global
	GlobalSection(SolutionConfigurationPlatforms) = preSolution
		Debug|Any CPU = Debug|Any CPU
		Release|Any CPU = Release|Any CPU
	EndGlobalSection
	GlobalSection(ProjectConfigurationPlatforms) = postSolution
		{292792D2-9AD6-45DD-A789-4D4381B5C370}.Debug|Any CPU.ActiveCfg = Debug|Any CPU
		{292792D2-9AD6-45DD-A789-4D4381B5C370}.Debug|Any CPU.Build.0 = Debug|Any CPU
		{292792D2-9AD6-45DD-A789-4D4381B5C370}.Release|Any CPU.ActiveCfg = Release|Any CPU
		{292792D2-9AD6-45DD-A789-4D4381B5C370}.Release|Any CPU.Build.0 = Release|Any CPU
		{DF982D9E-786B-417E-A22B-628C905B0B16}.Debug|Any CPU.ActiveCfg = Debug|Any CPU
		{DF982D9E-786B-417E-A22B-628C905B0B16}.Debug|Any CPU.Build.0 = Debug|Any CPU
		{DF982D9E-786B-417E-A22B-628C905B0B16}.Release|Any CPU.ActiveCfg = Release|Any CPU
		{DF982D9E-786B-417E-A22B-628C905B0B16}.Release|Any CPU.Build.0 = Release|Any CPU
		{C68D9ED5-A9F6-469C-A0DD-57C0517AC985}.Debug|Any CPU.ActiveCfg = Debug|Any CPU
		{C68D9ED5-A9F6-469C-A0DD-57C0517AC985}.Debug|Any CPU.Build.0 = Debug|Any CPU
		{C68D9ED5-A9F6-469C-A0DD-57C0517AC985}.Release|Any CPU.ActiveCfg = Release|Any CPU
		{C68D9ED5-A9F6-469C-A0DD-57C0517AC985}.Release|Any CPU.Build.0 = Release|Any CPU
		{6F677177-DE21-45D8-AF40-86E48DD8C723}.Debug|Any CPU.ActiveCfg = Debug|Any CPU
		{6F677177-DE21-45D8-AF40-86E48DD8C723}.Debug|Any CPU.Build.0 = Debug|Any CPU
		{6F677177-DE21-45D8-AF40-86E48DD8C723}.Release|Any CPU.ActiveCfg = Release|Any CPU
		{6F677177-DE21-45D8-AF40-86E48DD8C723}.Release|Any CPU.Build.0 = Release|Any CPU
		{A0B8FA4C-89A9-49A8-9428-A0564F463C5A}.Debug|Any CPU.ActiveCfg = Debug|Any CPU
		{A0B8FA4C-89A9-49A8-9428-A0564F463C5A}.Debug|Any CPU.Build.0 = Debug|Any CPU
		{A0B8FA4C-89A9-49A8-9428-A0564F463C5A}.Release|Any CPU.ActiveCfg = Release|Any CPU
		{A0B8FA4C-89A9-49A8-9428-A0564F463C5A}.Release|Any CPU.Build.0 = Release|Any CPU
	EndGlobalSection
	GlobalSection(SolutionProperties) = preSolution
		HideSolutionNode = FALSE
	EndGlobalSection
	GlobalSection(NestedProjects) = preSolution
		{292792D2-9AD6-45DD-A789-4D4381B5C370} = {BCF65C2C-0B01-4B0D-802C-DCE32AA4E50D}
		{DF982D9E-786B-417E-A22B-628C905B0B16} = {9D4640AD-0D02-422A-94F9-703609F2AB60}
		{C68D9ED5-A9F6-469C-A0DD-57C0517AC985} = {C37138D2-A175-4F2A-BCF4-869DF4AC7659}
		{6F677177-DE21-45D8-AF40-86E48DD8C723} = {B70059EC-1C70-4BFB-8423-B78F5D40E1AE}
		{A0B8FA4C-89A9-49A8-9428-A0564F463C5A} = {7DE7488A-9386-4AF7-A93F-E67E8D31EB3B}
	EndGlobalSection
	GlobalSection(ExtensibilityGlobals) = postSolution
		SolutionGuid = {846A7496-1CA7-4753-86E2-BCF311B5F534}
	EndGlobalSection
EndGlobal
